
Microsoft Visual Studio Solution File, Format Version 12.00
# Visual Studio Version 16
VisualStudioVersion = 16.0.30011.22
MinimumVisualStudioVersion = 10.0.40219.1
Project("{FAE04EC0-301F-11D3-BF4B-00C04F79EFBC}") = "ConsoleApp1", "ConsoleApp1\ConsoleApp1.csproj", "{947A4E27-21D1-4755-9CF6-37433CC070F8}"
EndProject
Global
	GlobalSection(SolutionConfigurationPlatforms) = preSolution
		Debug|Any CPU = Debug|Any CPU
		Release|Any CPU = Release|Any CPU
	EndGlobalSection
	GlobalSection(ProjectConfigurationPlatforms) = postSolution
		{947A4E27-21D1-4755-9CF6-37433CC070F8}.Debug|Any CPU.ActiveCfg = Debug|Any CPU
		{947A4E27-21D1-4755-9CF6-37433CC070F8}.Debug|Any CPU.Build.0 = Debug|Any CPU
		{947A4E27-21D1-4755-9CF6-37433CC070F8}.Release|Any CPU.ActiveCfg = Release|Any CPU
		{947A4E27-21D1-4755-9CF6-37433CC070F8}.Release|Any CPU.Build.0 = Release|Any CPU
	EndGlobalSection
	GlobalSection(SolutionProperties) = preSolution
		HideSolutionNode = FALSE
	EndGlobalSection
	GlobalSection(ExtensibilityGlobals) = postSolution
		SolutionGuid = {C9604D47-37B8-47E3-923C-D912AF844C39}
	EndGlobalSection
EndGlobal
